
Microsoft Visual Studio Solution File, Format Version 12.00
# Visual Studio Version 17
VisualStudioVersion = 17.3.32819.101
MinimumVisualStudioVersion = 10.0.40219.1
Project("{FAE04EC0-301F-11D3-BF4B-00C04F79EFBC}") = "Process-kill", "Process-kill\Process-kill.csproj", "{AEAADD24-C5AD-4702-AD2E-A1B53EAD651F}"
EndProject
Global
	GlobalSection(SolutionConfigurationPlatforms) = preSolution
		Debug|Any CPU = Debug|Any CPU
		Release|Any CPU = Release|Any CPU
	EndGlobalSection
	GlobalSection(ProjectConfigurationPlatforms) = postSolution
		{AEAADD24-C5AD-4702-AD2E-A1B53EAD651F}.Debug|Any CPU.ActiveCfg = Debug|Any CPU
		{AEAADD24-C5AD-4702-AD2E-A1B53EAD651F}.Debug|Any CPU.Build.0 = Debug|Any CPU
		{AEAADD24-C5AD-4702-AD2E-A1B53EAD651F}.Release|Any CPU.ActiveCfg = Release|Any CPU
		{AEAADD24-C5AD-4702-AD2E-A1B53EAD651F}.Release|Any CPU.Build.0 = Release|Any CPU
	EndGlobalSection
	GlobalSection(SolutionProperties) = preSolution
		HideSolutionNode = FALSE
	EndGlobalSection
	GlobalSection(ExtensibilityGlobals) = postSolution
		SolutionGuid = {22F0E3DB-7938-4C62-9704-7532D26B0463}
	EndGlobalSection
EndGlobal
